
Microsoft Visual Studio Solution File, Format Version 11.00
# Visual Studio 2010
Project("{FAE04EC0-301F-11D3-BF4B-00C04F79EFBC}") = "HorrorMill.Worbs", "HorrorMill.Worbs\HorrorMill.Worbs\HorrorMill.Worbs.csproj", "{28C70CFA-5EDA-4571-ABFB-35A4267A101B}"
EndProject
Project("{FAE04EC0-301F-11D3-BF4B-00C04F79EFBC}") = "HorrorMill.WorbsContent", "HorrorMill.Worbs\HorrorMill.WorbsContent\HorrorMill.WorbsContent.contentproj", "{AB642EBC-F465-4350-88E8-12DD0E5C4CA8}"
EndProject
Project("{FAE04EC0-301F-11D3-BF4B-00C04F79EFBC}") = "HorrorMill.Helpers.Xna", "HorrorMill.XRpgLibrary\HorrorMill.Helpers.Xna.csproj", "{FB3F80E6-9D5A-4A00-BE36-B417B6DD5FFC}"
EndProject
Project("{FAE04EC0-301F-11D3-BF4B-00C04F79EFBC}") = "HorrorMill.Engines.Rpg", "HorrorMill.RpgLibrary\HorrorMill.Engines.Rpg.csproj", "{1F3970C0-410A-4C9B-803F-A6658E1402C1}"
EndProject
Project("{FAE04EC0-301F-11D3-BF4B-00C04F79EFBC}") = "HorrorMill.Engines.TileEngine", "HorrorMill.Worbs.Engines.TileEngine\HorrorMill.Engines.TileEngine.csproj", "{6D59C62A-2AE4-44D6-8BDF-17E41B1D7055}"
EndProject
Project("{FAE04EC0-301F-11D3-BF4B-00C04F79EFBC}") = "HorrorMill.Engines.Rpg.Editor", "HorrorMill.Engines.Rpg.Editor\HorrorMill.Engines.Rpg.Editor.csproj", "{86ED91BC-1919-48A4-A741-FEC917E3E2CD}"
EndProject
Global
	GlobalSection(SolutionConfigurationPlatforms) = preSolution
		Debug|Mixed Platforms = Debug|Mixed Platforms
		Debug|Windows Phone = Debug|Windows Phone
		Debug|x86 = Debug|x86
		Release|Mixed Platforms = Release|Mixed Platforms
		Release|Windows Phone = Release|Windows Phone
		Release|x86 = Release|x86
	EndGlobalSection
	GlobalSection(ProjectConfigurationPlatforms) = postSolution
		{28C70CFA-5EDA-4571-ABFB-35A4267A101B}.Debug|Mixed Platforms.ActiveCfg = Debug|Windows Phone
		{28C70CFA-5EDA-4571-ABFB-35A4267A101B}.Debug|Mixed Platforms.Build.0 = Debug|Windows Phone
		{28C70CFA-5EDA-4571-ABFB-35A4267A101B}.Debug|Mixed Platforms.Deploy.0 = Debug|Windows Phone
		{28C70CFA-5EDA-4571-ABFB-35A4267A101B}.Debug|Windows Phone.ActiveCfg = Debug|Windows Phone
		{28C70CFA-5EDA-4571-ABFB-35A4267A101B}.Debug|Windows Phone.Build.0 = Debug|Windows Phone
		{28C70CFA-5EDA-4571-ABFB-35A4267A101B}.Debug|Windows Phone.Deploy.0 = Debug|Windows Phone
		{28C70CFA-5EDA-4571-ABFB-35A4267A101B}.Debug|x86.ActiveCfg = Debug|Windows Phone
		{28C70CFA-5EDA-4571-ABFB-35A4267A101B}.Release|Mixed Platforms.ActiveCfg = Release|Windows Phone
		{28C70CFA-5EDA-4571-ABFB-35A4267A101B}.Release|Mixed Platforms.Build.0 = Release|Windows Phone
		{28C70CFA-5EDA-4571-ABFB-35A4267A101B}.Release|Mixed Platforms.Deploy.0 = Release|Windows Phone
		{28C70CFA-5EDA-4571-ABFB-35A4267A101B}.Release|Windows Phone.ActiveCfg = Release|Windows Phone
		{28C70CFA-5EDA-4571-ABFB-35A4267A101B}.Release|Windows Phone.Build.0 = Release|Windows Phone
		{28C70CFA-5EDA-4571-ABFB-35A4267A101B}.Release|Windows Phone.Deploy.0 = Release|Windows Phone
		{28C70CFA-5EDA-4571-ABFB-35A4267A101B}.Release|x86.ActiveCfg = Release|Windows Phone
		{AB642EBC-F465-4350-88E8-12DD0E5C4CA8}.Debug|Mixed Platforms.ActiveCfg = Debug|Windows Phone
		{AB642EBC-F465-4350-88E8-12DD0E5C4CA8}.Debug|Windows Phone.ActiveCfg = Debug|Windows Phone
		{AB642EBC-F465-4350-88E8-12DD0E5C4CA8}.Debug|x86.ActiveCfg = Debug|Windows Phone
		{AB642EBC-F465-4350-88E8-12DD0E5C4CA8}.Release|Mixed Platforms.ActiveCfg = Release|Windows Phone
		{AB642EBC-F465-4350-88E8-12DD0E5C4CA8}.Release|Windows Phone.ActiveCfg = Release|Windows Phone
		{AB642EBC-F465-4350-88E8-12DD0E5C4CA8}.Release|x86.ActiveCfg = Release|Windows Phone
		{FB3F80E6-9D5A-4A00-BE36-B417B6DD5FFC}.Debug|Mixed Platforms.ActiveCfg = Debug|Windows Phone
		{FB3F80E6-9D5A-4A00-BE36-B417B6DD5FFC}.Debug|Mixed Platforms.Build.0 = Debug|Windows Phone
		{FB3F80E6-9D5A-4A00-BE36-B417B6DD5FFC}.Debug|Windows Phone.ActiveCfg = Debug|Windows Phone
		{FB3F80E6-9D5A-4A00-BE36-B417B6DD5FFC}.Debug|Windows Phone.Build.0 = Debug|Windows Phone
		{FB3F80E6-9D5A-4A00-BE36-B417B6DD5FFC}.Debug|x86.ActiveCfg = Debug|Windows Phone
		{FB3F80E6-9D5A-4A00-BE36-B417B6DD5FFC}.Release|Mixed Platforms.ActiveCfg = Release|Windows Phone
		{FB3F80E6-9D5A-4A00-BE36-B417B6DD5FFC}.Release|Mixed Platforms.Build.0 = Release|Windows Phone
		{FB3F80E6-9D5A-4A00-BE36-B417B6DD5FFC}.Release|Windows Phone.ActiveCfg = Release|Windows Phone
		{FB3F80E6-9D5A-4A00-BE36-B417B6DD5FFC}.Release|Windows Phone.Build.0 = Release|Windows Phone
		{FB3F80E6-9D5A-4A00-BE36-B417B6DD5FFC}.Release|x86.ActiveCfg = Release|Windows Phone
		{1F3970C0-410A-4C9B-803F-A6658E1402C1}.Debug|Mixed Platforms.ActiveCfg = Debug|Windows Phone
		{1F3970C0-410A-4C9B-803F-A6658E1402C1}.Debug|Mixed Platforms.Build.0 = Debug|Windows Phone
		{1F3970C0-410A-4C9B-803F-A6658E1402C1}.Debug|Windows Phone.ActiveCfg = Debug|Windows Phone
		{1F3970C0-410A-4C9B-803F-A6658E1402C1}.Debug|Windows Phone.Build.0 = Debug|Windows Phone
		{1F3970C0-410A-4C9B-803F-A6658E1402C1}.Debug|x86.ActiveCfg = Debug|Windows Phone
		{1F3970C0-410A-4C9B-803F-A6658E1402C1}.Release|Mixed Platforms.ActiveCfg = Release|Windows Phone
		{1F3970C0-410A-4C9B-803F-A6658E1402C1}.Release|Mixed Platforms.Build.0 = Release|Windows Phone
		{1F3970C0-410A-4C9B-803F-A6658E1402C1}.Release|Windows Phone.ActiveCfg = Release|Windows Phone
		{1F3970C0-410A-4C9B-803F-A6658E1402C1}.Release|Windows Phone.Build.0 = Release|Windows Phone
		{1F3970C0-410A-4C9B-803F-A6658E1402C1}.Release|x86.ActiveCfg = Release|Windows Phone
		{6D59C62A-2AE4-44D6-8BDF-17E41B1D7055}.Debug|Mixed Platforms.ActiveCfg = Debug|Windows Phone
		{6D59C62A-2AE4-44D6-8BDF-17E41B1D7055}.Debug|Mixed Platforms.Build.0 = Debug|Windows Phone
		{6D59C62A-2AE4-44D6-8BDF-17E41B1D7055}.Debug|Windows Phone.ActiveCfg = Debug|Windows Phone
		{6D59C62A-2AE4-44D6-8BDF-17E41B1D7055}.Debug|Windows Phone.Build.0 = Debug|Windows Phone
		{6D59C62A-2AE4-44D6-8BDF-17E41B1D7055}.Debug|x86.ActiveCfg = Debug|Windows Phone
		{6D59C62A-2AE4-44D6-8BDF-17E41B1D7055}.Release|Mixed Platforms.ActiveCfg = Release|Windows Phone
		{6D59C62A-2AE4-44D6-8BDF-17E41B1D7055}.Release|Mixed Platforms.Build.0 = Release|Windows Phone
		{6D59C62A-2AE4-44D6-8BDF-17E41B1D7055}.Release|Windows Phone.ActiveCfg = Release|Windows Phone
		{6D59C62A-2AE4-44D6-8BDF-17E41B1D7055}.Release|Windows Phone.Build.0 = Release|Windows Phone
		{6D59C62A-2AE4-44D6-8BDF-17E41B1D7055}.Release|x86.ActiveCfg = Release|Windows Phone
		{86ED91BC-1919-48A4-A741-FEC917E3E2CD}.Debug|Mixed Platforms.ActiveCfg = Debug|x86
		{86ED91BC-1919-48A4-A741-FEC917E3E2CD}.Debug|Mixed Platforms.Build.0 = Debug|x86
		{86ED91BC-1919-48A4-A741-FEC917E3E2CD}.Debug|Windows Phone.ActiveCfg = Debug|x86
		{86ED91BC-1919-48A4-A741-FEC917E3E2CD}.Debug|x86.ActiveCfg = Debug|x86
		{86ED91BC-1919-48A4-A741-FEC917E3E2CD}.Debug|x86.Build.0 = Debug|x86
		{86ED91BC-1919-48A4-A741-FEC917E3E2CD}.Release|Mixed Platforms.ActiveCfg = Release|x86
		{86ED91BC-1919-48A4-A741-FEC917E3E2CD}.Release|Mixed Platforms.Build.0 = Release|x86
		{86ED91BC-1919-48A4-A741-FEC917E3E2CD}.Release|Windows Phone.ActiveCfg = Release|x86
		{86ED91BC-1919-48A4-A741-FEC917E3E2CD}.Release|x86.ActiveCfg = Release|x86
		{86ED91BC-1919-48A4-A741-FEC917E3E2CD}.Release|x86.Build.0 = Release|x86
	EndGlobalSection
	GlobalSection(SolutionProperties) = preSolution
		HideSolutionNode = FALSE
	EndGlobalSection
EndGlobal
